// !$*UTF8*$!
{
	archiveVersion = 1;
	classes = {
	};
	objectVersion = 50;
	objects = {

/* Begin PBXBuildFile section */
		F94213FD264D111A0062F0A2 /* AppDelegate.swift in Sources */ = {isa = PBXBuildFile; fileRef = F94213FC264D111A0062F0A2 /* AppDelegate.swift */; };
		F94213FF264D111A0062F0A2 /* SceneDelegate.swift in Sources */ = {isa = PBXBuildFile; fileRef = F94213FE264D111A0062F0A2 /* SceneDelegate.swift */; };
		F9421401264D111A0062F0A2 /* CameraViewController.swift in Sources */ = {isa = PBXBuildFile; fileRef = F9421400264D111A0062F0A2 /* CameraViewController.swift */; };
		F9421404264D111A0062F0A2 /* Main.storyboard in Resources */ = {isa = PBXBuildFile; fileRef = F9421402264D111A0062F0A2 /* Main.storyboard */; };
		F9421406264D111B0062F0A2 /* Assets.xcassets in Resources */ = {isa = PBXBuildFile; fileRef = F9421405264D111B0062F0A2 /* Assets.xcassets */; };
		F9421409264D111B0062F0A2 /* LaunchScreen.storyboard in Resources */ = {isa = PBXBuildFile; fileRef = F9421407264D111B0062F0A2 /* LaunchScreen.storyboard */; };
		F9421413264D12A70062F0A2 /* SignLanguageClass_v6.mlmodel in Sources */ = {isa = PBXBuildFile; fileRef = F9421412264D12A70062F0A2 /* SignLanguageClass_v6.mlmodel */; };
		F942141A264D270C0062F0A2 /* PerformPredictionViewController.swift in Sources */ = {isa = PBXBuildFile; fileRef = F9421419264D270C0062F0A2 /* PerformPredictionViewController.swift */; };
/* End PBXBuildFile section */

/* Begin PBXFileReference section */
		F94213F9264D111A0062F0A2 /* UntoldFriend.app */ = {isa = PBXFileReference; explicitFileType = wrapper.application; includeInIndex = 0; path = UntoldFriend.app; sourceTree = BUILT_PRODUCTS_DIR; };
		F94213FC264D111A0062F0A2 /* AppDelegate.swift */ = {isa = PBXFileReference; lastKnownFileType = sourcecode.swift; path = AppDelegate.swift; sourceTree = "<group>"; };
		F94213FE264D111A0062F0A2 /* SceneDelegate.swift */ = {isa = PBXFileReference; lastKnownFileType = sourcecode.swift; path = SceneDelegate.swift; sourceTree = "<group>"; };
		F9421400264D111A0062F0A2 /* CameraViewController.swift */ = {isa = PBXFileReference; lastKnownFileType = sourcecode.swift; path = CameraViewController.swift; sourceTree = "<group>"; };
		F9421403264D111A0062F0A2 /* Base */ = {isa = PBXFileReference; lastKnownFileType = file.storyboard; name = Base; path = Base.lproj/Main.storyboard; sourceTree = "<group>"; };
		F9421405264D111B0062F0A2 /* Assets.xcassets */ = {isa = PBXFileReference; lastKnownFileType = folder.assetcatalog; path = Assets.xcassets; sourceTree = "<group>"; };
		F9421408264D111B0062F0A2 /* Base */ = {isa = PBXFileReference; lastKnownFileType = file.storyboard; name = Base; path = Base.lproj/LaunchScreen.storyboard; sourceTree = "<group>"; };
		F942140A264D111B0062F0A2 /* Info.plist */ = {isa = PBXFileReference; lastKnownFileType = text.plist.xml; path = Info.plist; sourceTree = "<group>"; };
		F9421412264D12A70062F0A2 /* SignLanguageClass_v6.mlmodel */ = {isa = PBXFileReference; lastKnownFileType = file.mlmodel; path = SignLanguageClass_v6.mlmodel; sourceTree = "<group>"; };
		F9421419264D270C0062F0A2 /* PerformPredictionViewController.swift */ = {isa = PBXFileReference; lastKnownFileType = sourcecode.swift; path = PerformPredictionViewController.swift; sourceTree = "<group>"; };
/* End PBXFileReference section */

/* Begin PBXFrameworksBuildPhase section */
		F94213F6264D11190062F0A2 /* Frameworks */ = {
			isa = PBXFrameworksBuildPhase;
			buildActionMask = 2147483647;
			files = (
			);
			runOnlyForDeploymentPostprocessing = 0;
		};
/* End PBXFrameworksBuildPhase section */

/* Begin PBXGroup section */
		F94213F0264D11190062F0A2 = {
			isa = PBXGroup;
			children = (
				F94213FB264D111A0062F0A2 /* UntoldFriend */,
				F94213FA264D111A0062F0A2 /* Products */,
			);
			sourceTree = "<group>";
		};
		F94213FA264D111A0062F0A2 /* Products */ = {
			isa = PBXGroup;
			children = (
				F94213F9264D111A0062F0A2 /* UntoldFriend.app */,
			);
			name = Products;
			sourceTree = "<group>";
		};
		F94213FB264D111A0062F0A2 /* UntoldFriend */ = {
			isa = PBXGroup;
			children = (
				F942141D264D289F0062F0A2 /* Camera */,
				F9421418264D210C0062F0A2 /* Detection */,
				F9421411264D12930062F0A2 /* Model */,
				F94213FC264D111A0062F0A2 /* AppDelegate.swift */,
				F94213FE264D111A0062F0A2 /* SceneDelegate.swift */,
				F9421402264D111A0062F0A2 /* Main.storyboard */,
				F9421405264D111B0062F0A2 /* Assets.xcassets */,
				F9421407264D111B0062F0A2 /* LaunchScreen.storyboard */,
				F942140A264D111B0062F0A2 /* Info.plist */,
			);
			path = UntoldFriend;
			sourceTree = "<group>";
		};
		F9421411264D12930062F0A2 /* Model */ = {
			isa = PBXGroup;
			children = (
				F9421412264D12A70062F0A2 /* SignLanguageClass_v6.mlmodel */,
			);
			path = Model;
			sourceTree = "<group>";
		};
		F9421418264D210C0062F0A2 /* Detection */ = {
			isa = PBXGroup;
			children = (
				F9421419264D270C0062F0A2 /* PerformPredictionViewController.swift */,
			);
			path = Detection;
			sourceTree = "<group>";
		};
		F942141D264D289F0062F0A2 /* Camera */ = {
			isa = PBXGroup;
			children = (
				F9421400264D111A0062F0A2 /* CameraViewController.swift */,
			);
			path = Camera;
			sourceTree = "<group>";
		};
/* End PBXGroup section */

/* Begin PBXNativeTarget section */
		F94213F8264D11190062F0A2 /* UntoldFriend */ = {
			isa = PBXNativeTarget;
			buildConfigurationList = F942140D264D111B0062F0A2 /* Build configuration list for PBXNativeTarget "UntoldFriend" */;
			buildPhases = (
				F94213F5264D11190062F0A2 /* Sources */,
				F94213F6264D11190062F0A2 /* Frameworks */,
				F94213F7264D11190062F0A2 /* Resources */,
			);
			buildRules = (
			);
			dependencies = (
			);
			name = UntoldFriend;
			productName = UntoldFriend;
			productReference = F94213F9264D111A0062F0A2 /* UntoldFriend.app */;
			productType = "com.apple.product-type.application";
		};
/* End PBXNativeTarget section */

/* Begin PBXProject section */
		F94213F1264D11190062F0A2 /* Project object */ = {
			isa = PBXProject;
			attributes = {
				LastSwiftUpdateCheck = 1230;
				LastUpgradeCheck = 1230;
				TargetAttributes = {
					F94213F8264D11190062F0A2 = {
						CreatedOnToolsVersion = 12.3;
					};
				};
			};
			buildConfigurationList = F94213F4264D11190062F0A2 /* Build configuration list for PBXProject "UntoldFriend" */;
			compatibilityVersion = "Xcode 9.3";
			developmentRegion = en;
			hasScannedForEncodings = 0;
			knownRegions = (
				en,
				Base,
			);
			mainGroup = F94213F0264D11190062F0A2;
			productRefGroup = F94213FA264D111A0062F0A2 /* Products */;
			projectDirPath = "";
			projectRoot = "";
			targets = (
				F94213F8264D11190062F0A2 /* UntoldFriend */,
			);
		};
/* End PBXProject section */

/* Begin PBXResourcesBuildPhase section */
		F94213F7264D11190062F0A2 /* Resources */ = {
			isa = PBXResourcesBuildPhase;
			buildActionMask = 2147483647;
			files = (
				F9421409264D111B0062F0A2 /* LaunchScreen.storyboard in Resources */,
				F9421406264D111B0062F0A2 /* Assets.xcassets in Resources */,
				F9421404264D111A0062F0A2 /* Main.storyboard in Resources */,
			);
			runOnlyForDeploymentPostprocessing = 0;
		};
/* End PBXResourcesBuildPhase section */

/* Begin PBXSourcesBuildPhase section */
		F94213F5264D11190062F0A2 /* Sources */ = {
			isa = PBXSourcesBuildPhase;
			buildActionMask = 2147483647;
			files = (
				F9421401264D111A0062F0A2 /* CameraViewController.swift in Sources */,
				F94213FD264D111A0062F0A2 /* AppDelegate.swift in Sources */,
				F942141A264D270C0062F0A2 /* PerformPredictionViewController.swift in Sources */,
				F9421413264D12A70062F0A2 /* SignLanguageClass_v6.mlmodel in Sources */,
				F94213FF264D111A0062F0A2 /* SceneDelegate.swift in Sources */,
			);
			runOnlyForDeploymentPostprocessing = 0;
		};
/* End PBXSourcesBuildPhase section */

/* Begin PBXVariantGroup section */
		F9421402264D111A0062F0A2 /* Main.storyboard */ = {
			isa = PBXVariantGroup;
			children = (
				F9421403264D111A0062F0A2 /* Base */,
			);
			name = Main.storyboard;
			sourceTree = "<group>";
		};
		F9421407264D111B0062F0A2 /* LaunchScreen.storyboard */ = {
			isa = PBXVariantGroup;
			children = (
				F9421408264D111B0062F0A2 /* Base */,
			);
			name = LaunchScreen.storyboard;
			sourceTree = "<group>";
		};
/* End PBXVariantGroup section */

/* Begin XCBuildConfiguration section */
		F942140B264D111B0062F0A2 /* Debug */ = {
			isa = XCBuildConfiguration;
			buildSettings = {
				ALWAYS_SEARCH_USER_PATHS = NO;
				CLANG_ANALYZER_NONNULL = YES;
				CLANG_ANALYZER_NUMBER_OBJECT_CONVERSION = YES_AGGRESSIVE;
				CLANG_CXX_LANGUAGE_STANDARD = "gnu++14";
				CLANG_CXX_LIBRARY = "libc++";
				CLANG_ENABLE_MODULES = YES;
				CLANG_ENABLE_OBJC_ARC = YES;
				CLANG_ENABLE_OBJC_WEAK = YES;
				CLANG_WARN_BLOCK_CAPTURE_AUTORELEASING = YES;
				CLANG_WARN_BOOL_CONVERSION = YES;
				CLANG_WARN_COMMA = YES;
				CLANG_WARN_CONSTANT_CONVERSION = YES;
				CLANG_WARN_DEPRECATED_OBJC_IMPLEMENTATIONS = YES;
				CLANG_WARN_DIRECT_OBJC_ISA_USAGE = YES_ERROR;
				CLANG_WARN_DOCUMENTATION_COMMENTS = YES;
				CLANG_WARN_EMPTY_BODY = YES;
				CLANG_WARN_ENUM_CONVERSION = YES;
				CLANG_WARN_INFINITE_RECURSION = YES;
				CLANG_WARN_INT_CONVERSION = YES;
				CLANG_WARN_NON_LITERAL_NULL_CONVERSION = YES;
				CLANG_WARN_OBJC_IMPLICIT_RETAIN_SELF = YES;
				CLANG_WARN_OBJC_LITERAL_CONVERSION = YES;
				CLANG_WARN_OBJC_ROOT_CLASS = YES_ERROR;
				CLANG_WARN_QUOTED_INCLUDE_IN_FRAMEWORK_HEADER = YES;
				CLANG_WARN_RANGE_LOOP_ANALYSIS = YES;
				CLANG_WARN_STRICT_PROTOTYPES = YES;
				CLANG_WARN_SUSPICIOUS_MOVE = YES;
				CLANG_WARN_UNGUARDED_AVAILABILITY = YES_AGGRESSIVE;
				CLANG_WARN_UNREACHABLE_CODE = YES;
				CLANG_WARN__DUPLICATE_METHOD_MATCH = YES;
				COPY_PHASE_STRIP = NO;
				DEBUG_INFORMATION_FORMAT = dwarf;
				ENABLE_STRICT_OBJC_MSGSEND = YES;
				ENABLE_TESTABILITY = YES;
				GCC_C_LANGUAGE_STANDARD = gnu11;
				GCC_DYNAMIC_NO_PIC = NO;
				GCC_NO_COMMON_BLOCKS = YES;
				GCC_OPTIMIZATION_LEVEL = 0;
				GCC_PREPROCESSOR_DEFINITIONS = (
					"DEBUG=1",
					"$(inherited)",
				);
				GCC_WARN_64_TO_32_BIT_CONVERSION = YES;
				GCC_WARN_ABOUT_RETURN_TYPE = YES_ERROR;
				GCC_WARN_UNDECLARED_SELECTOR = YES;
				GCC_WARN_UNINITIALIZED_AUTOS = YES_AGGRESSIVE;
				GCC_WARN_UNUSED_FUNCTION = YES;
				GCC_WARN_UNUSED_VARIABLE = YES;
				IPHONEOS_DEPLOYMENT_TARGET = 14.3;
				MTL_ENABLE_DEBUG_INFO = INCLUDE_SOURCE;
				MTL_FAST_MATH = YES;
				ONLY_ACTIVE_ARCH = YES;
				SDKROOT = iphoneos;
				SWIFT_ACTIVE_COMPILATION_CONDITIONS = DEBUG;
				SWIFT_OPTIMIZATION_LEVEL = "-Onone";
			};
			name = Debug;
		};
		F942140C264D111B0062F0A2 /* Release */ = {
			isa = XCBuildConfiguration;
			buildSettings = {
				ALWAYS_SEARCH_USER_PATHS = NO;
				CLANG_ANALYZER_NONNULL = YES;
				CLANG_ANALYZER_NUMBER_OBJECT_CONVERSION = YES_AGGRESSIVE;
				CLANG_CXX_LANGUAGE_STANDARD = "gnu++14";
				CLANG_CXX_LIBRARY = "libc++";
				CLANG_ENABLE_MODULES = YES;
				CLANG_ENABLE_OBJC_ARC = YES;
				CLANG_ENABLE_OBJC_WEAK = YES;
				CLANG_WARN_BLOCK_CAPTURE_AUTORELEASING = YES;
				CLANG_WARN_BOOL_CONVERSION = YES;
				CLANG_WARN_COMMA = YES;
				CLANG_WARN_CONSTANT_CONVERSION = YES;
				CLANG_WARN_DEPRECATED_OBJC_IMPLEMENTATIONS = YES;
				CLANG_WARN_DIRECT_OBJC_ISA_USAGE = YES_ERROR;
				CLANG_WARN_DOCUMENTATION_COMMENTS = YES;
				CLANG_WARN_EMPTY_BODY = YES;
				CLANG_WARN_ENUM_CONVERSION = YES;
				CLANG_WARN_INFINITE_RECURSION = YES;
				CLANG_WARN_INT_CONVERSION = YES;
				CLANG_WARN_NON_LITERAL_NULL_CONVERSION = YES;
				CLANG_WARN_OBJC_IMPLICIT_RETAIN_SELF = YES;
				CLANG_WARN_OBJC_LITERAL_CONVERSION = YES;
				CLANG_WARN_OBJC_ROOT_CLASS = YES_ERROR;
				CLANG_WARN_QUOTED_INCLUDE_IN_FRAMEWORK_HEADER = YES;
				CLANG_WARN_RANGE_LOOP_ANALYSIS = YES;
				CLANG_WARN_STRICT_PROTOTYPES = YES;
				CLANG_WARN_SUSPICIOUS_MOVE = YES;
				CLANG_WARN_UNGUARDED_AVAILABILITY = YES_AGGRESSIVE;
				CLANG_WARN_UNREACHABLE_CODE = YES;
				CLANG_WARN__DUPLICATE_METHOD_MATCH = YES;
				COPY_PHASE_STRIP = NO;
				DEBUG_INFORMATION_FORMAT = "dwarf-with-dsym";
				ENABLE_NS_ASSERTIONS = NO;
				ENABLE_STRICT_OBJC_MSGSEND = YES;
				GCC_C_LANGUAGE_STANDARD = gnu11;
				GCC_NO_COMMON_BLOCKS = YES;
				GCC_WARN_64_TO_32_BIT_CONVERSION = YES;
				GCC_WARN_ABOUT_RETURN_TYPE = YES_ERROR;
				GCC_WARN_UNDECLARED_SELECTOR = YES;
				GCC_WARN_UNINITIALIZED_AUTOS = YES_AGGRESSIVE;
				GCC_WARN_UNUSED_FUNCTION = YES;
				GCC_WARN_UNUSED_VARIABLE = YES;
				IPHONEOS_DEPLOYMENT_TARGET = 14.3;
				MTL_ENABLE_DEBUG_INFO = NO;
				MTL_FAST_MATH = YES;
				SDKROOT = iphoneos;
				SWIFT_COMPILATION_MODE = wholemodule;
				SWIFT_OPTIMIZATION_LEVEL = "-O";
				VALIDATE_PRODUCT = YES;
			};
			name = Release;
		};
		F942140E264D111B0062F0A2 /* Debug */ = {
			isa = XCBuildConfiguration;
			buildSettings = {
				ASSETCATALOG_COMPILER_APPICON_NAME = AppIcon;
				ASSETCATALOG_COMPILER_GLOBAL_ACCENT_COLOR_NAME = AccentColor;
				CODE_SIGN_STYLE = Automatic;
				DEVELOPMENT_TEAM = 3ZESPWR382;
				INFOPLIST_FILE = UntoldFriend/Info.plist;
				LD_RUNPATH_SEARCH_PATHS = (
					"$(inherited)",
					"@executable_path/Frameworks",
				);
				PRODUCT_BUNDLE_IDENTIFIER = com.ay.UntoldFriend;
				PRODUCT_NAME = "$(TARGET_NAME)";
				SWIFT_VERSION = 5.0;
				TARGETED_DEVICE_FAMILY = "1,2";
			};
			name = Debug;
		};
		F942140F264D111B0062F0A2 /* Release */ = {
			isa = XCBuildConfiguration;
			buildSettings = {
				ASSETCATALOG_COMPILER_APPICON_NAME = AppIcon;
				ASSETCATALOG_COMPILER_GLOBAL_ACCENT_COLOR_NAME = AccentColor;
				CODE_SIGN_STYLE = Automatic;
				DEVELOPMENT_TEAM = 3ZESPWR382;
				INFOPLIST_FILE = UntoldFriend/Info.plist;
				LD_RUNPATH_SEARCH_PATHS = (
					"$(inherited)",
					"@executable_path/Frameworks",
				);
				PRODUCT_BUNDLE_IDENTIFIER = com.ay.UntoldFriend;
				PRODUCT_NAME = "$(TARGET_NAME)";
				SWIFT_VERSION = 5.0;
				TARGETED_DEVICE_FAMILY = "1,2";
			};
			name = Release;
		};
/* End XCBuildConfiguration section */

/* Begin XCConfigurationList section */
		F94213F4264D11190062F0A2 /* Build configuration list for PBXProject "UntoldFriend" */ = {
			isa = XCConfigurationList;
			buildConfigurations = (
				F942140B264D111B0062F0A2 /* Debug */,
				F942140C264D111B0062F0A2 /* Release */,
			);
			defaultConfigurationIsVisible = 0;
			defaultConfigurationName = Release;
		};
		F942140D264D111B0062F0A2 /* Build configuration list for PBXNativeTarget "UntoldFriend" */ = {
			isa = XCConfigurationList;
			buildConfigurations = (
				F942140E264D111B0062F0A2 /* Debug */,
				F942140F264D111B0062F0A2 /* Release */,
			);
			defaultConfigurationIsVisible = 0;
			defaultConfigurationName = Release;
		};
/* End XCConfigurationList section */
	};
	rootObject = F94213F1264D11190062F0A2 /* Project object */;
}
